
Microsoft Visual Studio Solution File, Format Version 12.00
# Visual Studio Version 17
VisualStudioVersion = 17.0.31903.59
MinimumVisualStudioVersion = 10.0.40219.1
Project("{2150E333-8FDC-42A3-9474-1A3956D46DE8}") = "src", "src", "{827E0CD3-B72D-47B6-A68D-7590B98EB39B}"
EndProject
Project("{FAE04EC0-301F-11D3-BF4B-00C04F79EFBC}") = "Shared", "src\Shared\Shared.csproj", "{70BCBD09-7783-4AF0-92D2-6547CF2AFC61}"
EndProject
Project("{FAE04EC0-301F-11D3-BF4B-00C04F79EFBC}") = "Api", "src\Api\Api.csproj", "{08B14FB3-3DEC-4E62-97E8-8C759DE89151}"
EndProject
Project("{FAE04EC0-301F-11D3-BF4B-00C04F79EFBC}") = "Worker.Prod", "src\Worker.Prod\Worker.Prod.csproj", "{73B3DFFD-CE80-4682-8F03-BCD652C391B4}"
EndProject
Project("{FAE04EC0-301F-11D3-BF4B-00C04F79EFBC}") = "Worker.Dev", "src\Worker.Dev\Worker.Dev.csproj", "{606CA038-34E5-4FE1-B9BA-C4B868B67746}"
EndProject
Project("{FAE04EC0-301F-11D3-BF4B-00C04F79EFBC}") = "Worker.Departments", "src\Worker.Departments\Worker.Departments.csproj", "{1639116C-9C27-49F0-8124-7E5AF8FBA3D4}"
EndProject
Global
	GlobalSection(SolutionConfigurationPlatforms) = preSolution
		Debug|Any CPU = Debug|Any CPU
		Debug|x64 = Debug|x64
		Debug|x86 = Debug|x86
		Release|Any CPU = Release|Any CPU
		Release|x64 = Release|x64
		Release|x86 = Release|x86
	EndGlobalSection
	GlobalSection(ProjectConfigurationPlatforms) = postSolution
		{70BCBD09-7783-4AF0-92D2-6547CF2AFC61}.Debug|Any CPU.ActiveCfg = Debug|Any CPU
		{70BCBD09-7783-4AF0-92D2-6547CF2AFC61}.Debug|Any CPU.Build.0 = Debug|Any CPU
		{70BCBD09-7783-4AF0-92D2-6547CF2AFC61}.Debug|x64.ActiveCfg = Debug|Any CPU
		{70BCBD09-7783-4AF0-92D2-6547CF2AFC61}.Debug|x64.Build.0 = Debug|Any CPU
		{70BCBD09-7783-4AF0-92D2-6547CF2AFC61}.Debug|x86.ActiveCfg = Debug|Any CPU
		{70BCBD09-7783-4AF0-92D2-6547CF2AFC61}.Debug|x86.Build.0 = Debug|Any CPU
		{70BCBD09-7783-4AF0-92D2-6547CF2AFC61}.Release|Any CPU.ActiveCfg = Release|Any CPU
		{70BCBD09-7783-4AF0-92D2-6547CF2AFC61}.Release|Any CPU.Build.0 = Release|Any CPU
		{70BCBD09-7783-4AF0-92D2-6547CF2AFC61}.Release|x64.ActiveCfg = Release|Any CPU
		{70BCBD09-7783-4AF0-92D2-6547CF2AFC61}.Release|x64.Build.0 = Release|Any CPU
		{70BCBD09-7783-4AF0-92D2-6547CF2AFC61}.Release|x86.ActiveCfg = Release|Any CPU
		{70BCBD09-7783-4AF0-92D2-6547CF2AFC61}.Release|x86.Build.0 = Release|Any CPU
		{08B14FB3-3DEC-4E62-97E8-8C759DE89151}.Debug|Any CPU.ActiveCfg = Debug|Any CPU
		{08B14FB3-3DEC-4E62-97E8-8C759DE89151}.Debug|Any CPU.Build.0 = Debug|Any CPU
		{08B14FB3-3DEC-4E62-97E8-8C759DE89151}.Debug|x64.ActiveCfg = Debug|Any CPU
		{08B14FB3-3DEC-4E62-97E8-8C759DE89151}.Debug|x64.Build.0 = Debug|Any CPU
		{08B14FB3-3DEC-4E62-97E8-8C759DE89151}.Debug|x86.ActiveCfg = Debug|Any CPU
		{08B14FB3-3DEC-4E62-97E8-8C759DE89151}.Debug|x86.Build.0 = Debug|Any CPU
		{08B14FB3-3DEC-4E62-97E8-8C759DE89151}.Release|Any CPU.ActiveCfg = Release|Any CPU
		{08B14FB3-3DEC-4E62-97E8-8C759DE89151}.Release|Any CPU.Build.0 = Release|Any CPU
		{08B14FB3-3DEC-4E62-97E8-8C759DE89151}.Release|x64.ActiveCfg = Release|Any CPU
		{08B14FB3-3DEC-4E62-97E8-8C759DE89151}.Release|x64.Build.0 = Release|Any CPU
		{08B14FB3-3DEC-4E62-97E8-8C759DE89151}.Release|x86.ActiveCfg = Release|Any CPU
		{08B14FB3-3DEC-4E62-97E8-8C759DE89151}.Release|x86.Build.0 = Release|Any CPU
		{73B3DFFD-CE80-4682-8F03-BCD652C391B4}.Debug|Any CPU.ActiveCfg = Debug|Any CPU
		{73B3DFFD-CE80-4682-8F03-BCD652C391B4}.Debug|Any CPU.Build.0 = Debug|Any CPU
		{73B3DFFD-CE80-4682-8F03-BCD652C391B4}.Debug|x64.ActiveCfg = Debug|Any CPU
		{73B3DFFD-CE80-4682-8F03-BCD652C391B4}.Debug|x64.Build.0 = Debug|Any CPU
		{73B3DFFD-CE80-4682-8F03-BCD652C391B4}.Debug|x86.ActiveCfg = Debug|Any CPU
		{73B3DFFD-CE80-4682-8F03-BCD652C391B4}.Debug|x86.Build.0 = Debug|Any CPU
		{73B3DFFD-CE80-4682-8F03-BCD652C391B4}.Release|Any CPU.ActiveCfg = Release|Any CPU
		{73B3DFFD-CE80-4682-8F03-BCD652C391B4}.Release|Any CPU.Build.0 = Release|Any CPU
		{73B3DFFD-CE80-4682-8F03-BCD652C391B4}.Release|x64.ActiveCfg = Release|Any CPU
		{73B3DFFD-CE80-4682-8F03-BCD652C391B4}.Release|x64.Build.0 = Release|Any CPU
		{73B3DFFD-CE80-4682-8F03-BCD652C391B4}.Release|x86.ActiveCfg = Release|Any CPU
		{73B3DFFD-CE80-4682-8F03-BCD652C391B4}.Release|x86.Build.0 = Release|Any CPU
		{606CA038-34E5-4FE1-B9BA-C4B868B67746}.Debug|Any CPU.ActiveCfg = Debug|Any CPU
		{606CA038-34E5-4FE1-B9BA-C4B868B67746}.Debug|Any CPU.Build.0 = Debug|Any CPU
		{606CA038-34E5-4FE1-B9BA-C4B868B67746}.Debug|x64.ActiveCfg = Debug|Any CPU
		{606CA038-34E5-4FE1-B9BA-C4B868B67746}.Debug|x64.Build.0 = Debug|Any CPU
		{606CA038-34E5-4FE1-B9BA-C4B868B67746}.Debug|x86.ActiveCfg = Debug|Any CPU
		{606CA038-34E5-4FE1-B9BA-C4B868B67746}.Debug|x86.Build.0 = Debug|Any CPU
		{606CA038-34E5-4FE1-B9BA-C4B868B67746}.Release|Any CPU.ActiveCfg = Release|Any CPU
		{606CA038-34E5-4FE1-B9BA-C4B868B67746}.Release|Any CPU.Build.0 = Release|Any CPU
		{606CA038-34E5-4FE1-B9BA-C4B868B67746}.Release|x64.ActiveCfg = Release|Any CPU
		{606CA038-34E5-4FE1-B9BA-C4B868B67746}.Release|x64.Build.0 = Release|Any CPU
		{606CA038-34E5-4FE1-B9BA-C4B868B67746}.Release|x86.ActiveCfg = Release|Any CPU
		{606CA038-34E5-4FE1-B9BA-C4B868B67746}.Release|x86.Build.0 = Release|Any CPU
		{1639116C-9C27-49F0-8124-7E5AF8FBA3D4}.Debug|Any CPU.ActiveCfg = Debug|Any CPU
		{1639116C-9C27-49F0-8124-7E5AF8FBA3D4}.Debug|Any CPU.Build.0 = Debug|Any CPU
		{1639116C-9C27-49F0-8124-7E5AF8FBA3D4}.Debug|x64.ActiveCfg = Debug|Any CPU
		{1639116C-9C27-49F0-8124-7E5AF8FBA3D4}.Debug|x64.Build.0 = Debug|Any CPU
		{1639116C-9C27-49F0-8124-7E5AF8FBA3D4}.Debug|x86.ActiveCfg = Debug|Any CPU
		{1639116C-9C27-49F0-8124-7E5AF8FBA3D4}.Debug|x86.Build.0 = Debug|Any CPU
		{1639116C-9C27-49F0-8124-7E5AF8FBA3D4}.Release|Any CPU.ActiveCfg = Release|Any CPU
		{1639116C-9C27-49F0-8124-7E5AF8FBA3D4}.Release|Any CPU.Build.0 = Release|Any CPU
		{1639116C-9C27-49F0-8124-7E5AF8FBA3D4}.Release|x64.ActiveCfg = Release|Any CPU
		{1639116C-9C27-49F0-8124-7E5AF8FBA3D4}.Release|x64.Build.0 = Release|Any CPU
		{1639116C-9C27-49F0-8124-7E5AF8FBA3D4}.Release|x86.ActiveCfg = Release|Any CPU
		{1639116C-9C27-49F0-8124-7E5AF8FBA3D4}.Release|x86.Build.0 = Release|Any CPU
	EndGlobalSection
	GlobalSection(SolutionProperties) = preSolution
		HideSolutionNode = FALSE
	EndGlobalSection
	GlobalSection(NestedProjects) = preSolution
		{70BCBD09-7783-4AF0-92D2-6547CF2AFC61} = {827E0CD3-B72D-47B6-A68D-7590B98EB39B}
		{08B14FB3-3DEC-4E62-97E8-8C759DE89151} = {827E0CD3-B72D-47B6-A68D-7590B98EB39B}
		{73B3DFFD-CE80-4682-8F03-BCD652C391B4} = {827E0CD3-B72D-47B6-A68D-7590B98EB39B}
		{606CA038-34E5-4FE1-B9BA-C4B868B67746} = {827E0CD3-B72D-47B6-A68D-7590B98EB39B}
		{1639116C-9C27-49F0-8124-7E5AF8FBA3D4} = {827E0CD3-B72D-47B6-A68D-7590B98EB39B}
	EndGlobalSection
EndGlobal
